
Microsoft Visual Studio Solution File, Format Version 12.00
# Visual Studio 14
VisualStudioVersion = 14.0.24720.0
MinimumVisualStudioVersion = 10.0.40219.1
Project("{FAE04EC0-301F-11D3-BF4B-00C04F79EFBC}") = "UIAtomsDemo.Droid", "UIAtomsDemo\UIAtomsDemo.Droid\UIAtomsDemo.Droid.csproj", "{BC321906-C867-4C8E-82A7-C2CB5510A38C}"
EndProject
Project("{D954291E-2A0B-460D-934E-DC6B0785DB48}") = "UIAtomsDemo", "UIAtomsDemo\UIAtomsDemo\UIAtomsDemo.shproj", "{5BE707ED-298D-4115-A386-716694673423}"
EndProject
Project("{FAE04EC0-301F-11D3-BF4B-00C04F79EFBC}") = "NeuroSpeech.UIAtoms.Droid", "NeuroSpeech.UIAtoms.Droid\NeuroSpeech.UIAtoms.Droid.csproj", "{26E6DBA9-7241-47E2-9865-74BEA053910C}"
EndProject
Project("{D954291E-2A0B-460D-934E-DC6B0785DB48}") = "UIAtoms", "UIAtoms\UIAtoms.shproj", "{1457DFE5-78CA-457F-9D9B-DF8C997A6451}"
EndProject
Global
	GlobalSection(SharedMSBuildProjectFiles) = preSolution
		UIAtoms\UIAtoms.projitems*{1457dfe5-78ca-457f-9d9b-df8c997a6451}*SharedItemsImports = 13
		UIAtomsDemo\UIAtomsDemo\UIAtomsDemo.projitems*{bc321906-c867-4c8e-82a7-c2cb5510a38c}*SharedItemsImports = 4
		UIAtomsDemo\UIAtomsDemo\UIAtomsDemo.projitems*{5be707ed-298d-4115-a386-716694673423}*SharedItemsImports = 13
		UIAtoms\UIAtoms.projitems*{26e6dba9-7241-47e2-9865-74bea053910c}*SharedItemsImports = 4
	EndGlobalSection
	GlobalSection(SolutionConfigurationPlatforms) = preSolution
		Ad-Hoc|Any CPU = Ad-Hoc|Any CPU
		Ad-Hoc|iPhone = Ad-Hoc|iPhone
		Ad-Hoc|iPhoneSimulator = Ad-Hoc|iPhoneSimulator
		AppStore|Any CPU = AppStore|Any CPU
		AppStore|iPhone = AppStore|iPhone
		AppStore|iPhoneSimulator = AppStore|iPhoneSimulator
		Debug|Any CPU = Debug|Any CPU
		Debug|iPhone = Debug|iPhone
		Debug|iPhoneSimulator = Debug|iPhoneSimulator
		Release|Any CPU = Release|Any CPU
		Release|iPhone = Release|iPhone
		Release|iPhoneSimulator = Release|iPhoneSimulator
	EndGlobalSection
	GlobalSection(ProjectConfigurationPlatforms) = postSolution
		{BC321906-C867-4C8E-82A7-C2CB5510A38C}.Ad-Hoc|Any CPU.ActiveCfg = Release|Any CPU
		{BC321906-C867-4C8E-82A7-C2CB5510A38C}.Ad-Hoc|Any CPU.Build.0 = Release|Any CPU
		{BC321906-C867-4C8E-82A7-C2CB5510A38C}.Ad-Hoc|Any CPU.Deploy.0 = Release|Any CPU
		{BC321906-C867-4C8E-82A7-C2CB5510A38C}.Ad-Hoc|iPhone.ActiveCfg = Release|Any CPU
		{BC321906-C867-4C8E-82A7-C2CB5510A38C}.Ad-Hoc|iPhone.Build.0 = Release|Any CPU
		{BC321906-C867-4C8E-82A7-C2CB5510A38C}.Ad-Hoc|iPhone.Deploy.0 = Release|Any CPU
		{BC321906-C867-4C8E-82A7-C2CB5510A38C}.Ad-Hoc|iPhoneSimulator.ActiveCfg = Release|Any CPU
		{BC321906-C867-4C8E-82A7-C2CB5510A38C}.Ad-Hoc|iPhoneSimulator.Build.0 = Release|Any CPU
		{BC321906-C867-4C8E-82A7-C2CB5510A38C}.Ad-Hoc|iPhoneSimulator.Deploy.0 = Release|Any CPU
		{BC321906-C867-4C8E-82A7-C2CB5510A38C}.AppStore|Any CPU.ActiveCfg = Release|Any CPU
		{BC321906-C867-4C8E-82A7-C2CB5510A38C}.AppStore|Any CPU.Build.0 = Release|Any CPU
		{BC321906-C867-4C8E-82A7-C2CB5510A38C}.AppStore|Any CPU.Deploy.0 = Release|Any CPU
		{BC321906-C867-4C8E-82A7-C2CB5510A38C}.AppStore|iPhone.ActiveCfg = Release|Any CPU
		{BC321906-C867-4C8E-82A7-C2CB5510A38C}.AppStore|iPhone.Build.0 = Release|Any CPU
		{BC321906-C867-4C8E-82A7-C2CB5510A38C}.AppStore|iPhone.Deploy.0 = Release|Any CPU
		{BC321906-C867-4C8E-82A7-C2CB5510A38C}.AppStore|iPhoneSimulator.ActiveCfg = Release|Any CPU
		{BC321906-C867-4C8E-82A7-C2CB5510A38C}.AppStore|iPhoneSimulator.Build.0 = Release|Any CPU
		{BC321906-C867-4C8E-82A7-C2CB5510A38C}.AppStore|iPhoneSimulator.Deploy.0 = Release|Any CPU
		{BC321906-C867-4C8E-82A7-C2CB5510A38C}.Debug|Any CPU.ActiveCfg = Debug|Any CPU
		{BC321906-C867-4C8E-82A7-C2CB5510A38C}.Debug|Any CPU.Build.0 = Debug|Any CPU
		{BC321906-C867-4C8E-82A7-C2CB5510A38C}.Debug|Any CPU.Deploy.0 = Debug|Any CPU
		{BC321906-C867-4C8E-82A7-C2CB5510A38C}.Debug|iPhone.ActiveCfg = Debug|Any CPU
		{BC321906-C867-4C8E-82A7-C2CB5510A38C}.Debug|iPhone.Build.0 = Debug|Any CPU
		{BC321906-C867-4C8E-82A7-C2CB5510A38C}.Debug|iPhone.Deploy.0 = Debug|Any CPU
		{BC321906-C867-4C8E-82A7-C2CB5510A38C}.Debug|iPhoneSimulator.ActiveCfg = Debug|Any CPU
		{BC321906-C867-4C8E-82A7-C2CB5510A38C}.Debug|iPhoneSimulator.Build.0 = Debug|Any CPU
		{BC321906-C867-4C8E-82A7-C2CB5510A38C}.Debug|iPhoneSimulator.Deploy.0 = Debug|Any CPU
		{BC321906-C867-4C8E-82A7-C2CB5510A38C}.Release|Any CPU.ActiveCfg = Release|Any CPU
		{BC321906-C867-4C8E-82A7-C2CB5510A38C}.Release|Any CPU.Build.0 = Release|Any CPU
		{BC321906-C867-4C8E-82A7-C2CB5510A38C}.Release|Any CPU.Deploy.0 = Release|Any CPU
		{BC321906-C867-4C8E-82A7-C2CB5510A38C}.Release|iPhone.ActiveCfg = Release|Any CPU
		{BC321906-C867-4C8E-82A7-C2CB5510A38C}.Release|iPhone.Build.0 = Release|Any CPU
		{BC321906-C867-4C8E-82A7-C2CB5510A38C}.Release|iPhone.Deploy.0 = Release|Any CPU
		{BC321906-C867-4C8E-82A7-C2CB5510A38C}.Release|iPhoneSimulator.ActiveCfg = Release|Any CPU
		{BC321906-C867-4C8E-82A7-C2CB5510A38C}.Release|iPhoneSimulator.Build.0 = Release|Any CPU
		{BC321906-C867-4C8E-82A7-C2CB5510A38C}.Release|iPhoneSimulator.Deploy.0 = Release|Any CPU
		{26E6DBA9-7241-47E2-9865-74BEA053910C}.Ad-Hoc|Any CPU.ActiveCfg = Release|Any CPU
		{26E6DBA9-7241-47E2-9865-74BEA053910C}.Ad-Hoc|Any CPU.Build.0 = Release|Any CPU
		{26E6DBA9-7241-47E2-9865-74BEA053910C}.Ad-Hoc|iPhone.ActiveCfg = Release|Any CPU
		{26E6DBA9-7241-47E2-9865-74BEA053910C}.Ad-Hoc|iPhone.Build.0 = Release|Any CPU
		{26E6DBA9-7241-47E2-9865-74BEA053910C}.Ad-Hoc|iPhoneSimulator.ActiveCfg = Release|Any CPU
		{26E6DBA9-7241-47E2-9865-74BEA053910C}.Ad-Hoc|iPhoneSimulator.Build.0 = Release|Any CPU
		{26E6DBA9-7241-47E2-9865-74BEA053910C}.AppStore|Any CPU.ActiveCfg = Release|Any CPU
		{26E6DBA9-7241-47E2-9865-74BEA053910C}.AppStore|Any CPU.Build.0 = Release|Any CPU
		{26E6DBA9-7241-47E2-9865-74BEA053910C}.AppStore|iPhone.ActiveCfg = Release|Any CPU
		{26E6DBA9-7241-47E2-9865-74BEA053910C}.AppStore|iPhone.Build.0 = Release|Any CPU
		{26E6DBA9-7241-47E2-9865-74BEA053910C}.AppStore|iPhoneSimulator.ActiveCfg = Release|Any CPU
		{26E6DBA9-7241-47E2-9865-74BEA053910C}.AppStore|iPhoneSimulator.Build.0 = Release|Any CPU
		{26E6DBA9-7241-47E2-9865-74BEA053910C}.Debug|Any CPU.ActiveCfg = Debug|Any CPU
		{26E6DBA9-7241-47E2-9865-74BEA053910C}.Debug|Any CPU.Build.0 = Debug|Any CPU
		{26E6DBA9-7241-47E2-9865-74BEA053910C}.Debug|iPhone.ActiveCfg = Debug|Any CPU
		{26E6DBA9-7241-47E2-9865-74BEA053910C}.Debug|iPhone.Build.0 = Debug|Any CPU
		{26E6DBA9-7241-47E2-9865-74BEA053910C}.Debug|iPhoneSimulator.ActiveCfg = Debug|Any CPU
		{26E6DBA9-7241-47E2-9865-74BEA053910C}.Debug|iPhoneSimulator.Build.0 = Debug|Any CPU
		{26E6DBA9-7241-47E2-9865-74BEA053910C}.Release|Any CPU.ActiveCfg = Release|Any CPU
		{26E6DBA9-7241-47E2-9865-74BEA053910C}.Release|Any CPU.Build.0 = Release|Any CPU
		{26E6DBA9-7241-47E2-9865-74BEA053910C}.Release|iPhone.ActiveCfg = Release|Any CPU
		{26E6DBA9-7241-47E2-9865-74BEA053910C}.Release|iPhone.Build.0 = Release|Any CPU
		{26E6DBA9-7241-47E2-9865-74BEA053910C}.Release|iPhoneSimulator.ActiveCfg = Release|Any CPU
		{26E6DBA9-7241-47E2-9865-74BEA053910C}.Release|iPhoneSimulator.Build.0 = Release|Any CPU
	EndGlobalSection
	GlobalSection(SolutionProperties) = preSolution
		HideSolutionNode = FALSE
	EndGlobalSection
EndGlobal
